{
  "originHash" : "21a12a306b93801ec2f6248bfce86a0317b25c7461c72ea2c3224f2f4467ffda",
  "pins" : [
    {
      "identity" : "inject",
      "kind" : "remoteSourceControl",
      "location" : "https://github.com/krzysztofzablocki/Inject.git",
      "state" : {
        "revision" : "d394c5327141ba490a13080147af7228ee77aa59",
        "version" : "1.4.0"
      }
    },
    {
      "identity" : "kingfisher",
      "kind" : "remoteSourceControl",
      "location" : "https://github.com/onevcat/Kingfisher.git",
      "state" : {
        "revision" : "5b92f029fab2cce44386d28588098b5be0824ef5",
        "version" : "7.11.0"
      }
    }
  ],
  "version" : 3
}
