// !$*UTF8*$!
{
	archiveVersion = 1;
	classes = {
	};
	objectVersion = 56;
	objects = {

/* Begin PBXBuildFile section */
		BA0A3CD42BD7904D0077E737 /* HTTPClient.swift in Sources */ = {isa = PBXBuildFile; fileRef = BA0A3CD32BD7904D0077E737 /* HTTPClient.swift */; };
		BA0A3CD62BD790890077E737 /* Coin.swift in Sources */ = {isa = PBXBuildFile; fileRef = BA0A3CD52BD790890077E737 /* Coin.swift */; };
		BA0A3CD82BD791150077E737 /* CoinService.swift in Sources */ = {isa = PBXBuildFile; fileRef = BA0A3CD72BD791150077E737 /* CoinService.swift */; };
		BA0A3CDA2BD791B90077E737 /* Constants.swift in Sources */ = {isa = PBXBuildFile; fileRef = BA0A3CD92BD791B90077E737 /* Constants.swift */; };
		BA0A3CDC2BD7948E0077E737 /* CoinViewModel.swift in Sources */ = {isa = PBXBuildFile; fileRef = BA0A3CDB2BD7948E0077E737 /* CoinViewModel.swift */; };
		BA0A3CDF2BD797CA0077E737 /* Kingfisher in Frameworks */ = {isa = PBXBuildFile; productRef = BA0A3CDE2BD797CA0077E737 /* Kingfisher */; };
		BA0A3CE12BD797FC0077E737 /* CoinView.swift in Sources */ = {isa = PBXBuildFile; fileRef = BA0A3CE02BD797FC0077E737 /* CoinView.swift */; };
		BA0A3CE32BD798290077E737 /* Double+Extension.swift in Sources */ = {isa = PBXBuildFile; fileRef = BA0A3CE22BD798290077E737 /* Double+Extension.swift */; };
		BA0A3CE52BD7986E0077E737 /* CoinListView.swift in Sources */ = {isa = PBXBuildFile; fileRef = BA0A3CE42BD7986E0077E737 /* CoinListView.swift */; };
		BA0A3CE72BD954610077E737 /* CacheManager.swift in Sources */ = {isa = PBXBuildFile; fileRef = BA0A3CE62BD954610077E737 /* CacheManager.swift */; };
		BA0A3CEA2BD95E8E0077E737 /* ActivityIndicatorView in Frameworks */ = {isa = PBXBuildFile; productRef = BA0A3CE92BD95E8E0077E737 /* ActivityIndicatorView */; };
		BA0A3CEC2BD961770077E737 /* CoinDetail.swift in Sources */ = {isa = PBXBuildFile; fileRef = BA0A3CEB2BD961770077E737 /* CoinDetail.swift */; };
		BA0A3CEE2BD962030077E737 /* CoinDetailService.swift in Sources */ = {isa = PBXBuildFile; fileRef = BA0A3CED2BD962030077E737 /* CoinDetailService.swift */; };
		BA0A3CF02BD9838A0077E737 /* CoinDetailViewModel.swift in Sources */ = {isa = PBXBuildFile; fileRef = BA0A3CEF2BD9838A0077E737 /* CoinDetailViewModel.swift */; };
		BA0A3CF22BD984AB0077E737 /* StatModel.swift in Sources */ = {isa = PBXBuildFile; fileRef = BA0A3CF12BD984AB0077E737 /* StatModel.swift */; };
		BA0A3CF42BDA10610077E737 /* CoinDetailView.swift in Sources */ = {isa = PBXBuildFile; fileRef = BA0A3CF32BDA10610077E737 /* CoinDetailView.swift */; };
		BA0A3CF62BDA12790077E737 /* StatView.swift in Sources */ = {isa = PBXBuildFile; fileRef = BA0A3CF52BDA12790077E737 /* StatView.swift */; };
		BA0A3CF82BDA13070077E737 /* String+Extension.swift in Sources */ = {isa = PBXBuildFile; fileRef = BA0A3CF72BDA13070077E737 /* String+Extension.swift */; };
		BA47FCE42BD7842C008CF557 /* Crypto_Top_CoinsApp.swift in Sources */ = {isa = PBXBuildFile; fileRef = BA47FCE32BD7842C008CF557 /* Crypto_Top_CoinsApp.swift */; };
		BA47FCEA2BD7842D008CF557 /* Assets.xcassets in Resources */ = {isa = PBXBuildFile; fileRef = BA47FCE92BD7842D008CF557 /* Assets.xcassets */; };
		BA47FCEE2BD7842D008CF557 /* Preview Assets.xcassets in Resources */ = {isa = PBXBuildFile; fileRef = BA47FCED2BD7842D008CF557 /* Preview Assets.xcassets */; };
		BA47FCF62BD78501008CF557 /* Inject in Frameworks */ = {isa = PBXBuildFile; productRef = BA47FCF52BD78501008CF557 /* Inject */; };
/* End PBXBuildFile section */

/* Begin PBXFileReference section */
		BA0A3CD32BD7904D0077E737 /* HTTPClient.swift */ = {isa = PBXFileReference; lastKnownFileType = sourcecode.swift; path = HTTPClient.swift; sourceTree = "<group>"; };
		BA0A3CD52BD790890077E737 /* Coin.swift */ = {isa = PBXFileReference; lastKnownFileType = sourcecode.swift; path = Coin.swift; sourceTree = "<group>"; };
		BA0A3CD72BD791150077E737 /* CoinService.swift */ = {isa = PBXFileReference; lastKnownFileType = sourcecode.swift; path = CoinService.swift; sourceTree = "<group>"; };
		BA0A3CD92BD791B90077E737 /* Constants.swift */ = {isa = PBXFileReference; lastKnownFileType = sourcecode.swift; path = Constants.swift; sourceTree = "<group>"; };
		BA0A3CDB2BD7948E0077E737 /* CoinViewModel.swift */ = {isa = PBXFileReference; lastKnownFileType = sourcecode.swift; path = CoinViewModel.swift; sourceTree = "<group>"; };
		BA0A3CE02BD797FC0077E737 /* CoinView.swift */ = {isa = PBXFileReference; lastKnownFileType = sourcecode.swift; path = CoinView.swift; sourceTree = "<group>"; };
		BA0A3CE22BD798290077E737 /* Double+Extension.swift */ = {isa = PBXFileReference; lastKnownFileType = sourcecode.swift; path = "Double+Extension.swift"; sourceTree = "<group>"; };
		BA0A3CE42BD7986E0077E737 /* CoinListView.swift */ = {isa = PBXFileReference; lastKnownFileType = sourcecode.swift; path = CoinListView.swift; sourceTree = "<group>"; };
		BA0A3CE62BD954610077E737 /* CacheManager.swift */ = {isa = PBXFileReference; lastKnownFileType = sourcecode.swift; path = CacheManager.swift; sourceTree = "<group>"; };
		BA0A3CEB2BD961770077E737 /* CoinDetail.swift */ = {isa = PBXFileReference; lastKnownFileType = sourcecode.swift; path = CoinDetail.swift; sourceTree = "<group>"; };
		BA0A3CED2BD962030077E737 /* CoinDetailService.swift */ = {isa = PBXFileReference; lastKnownFileType = sourcecode.swift; path = CoinDetailService.swift; sourceTree = "<group>"; };
		BA0A3CEF2BD9838A0077E737 /* CoinDetailViewModel.swift */ = {isa = PBXFileReference; lastKnownFileType = sourcecode.swift; path = CoinDetailViewModel.swift; sourceTree = "<group>"; };
		BA0A3CF12BD984AB0077E737 /* StatModel.swift */ = {isa = PBXFileReference; lastKnownFileType = sourcecode.swift; path = StatModel.swift; sourceTree = "<group>"; };
		BA0A3CF32BDA10610077E737 /* CoinDetailView.swift */ = {isa = PBXFileReference; lastKnownFileType = sourcecode.swift; path = CoinDetailView.swift; sourceTree = "<group>"; };
		BA0A3CF52BDA12790077E737 /* StatView.swift */ = {isa = PBXFileReference; lastKnownFileType = sourcecode.swift; path = StatView.swift; sourceTree = "<group>"; };
		BA0A3CF72BDA13070077E737 /* String+Extension.swift */ = {isa = PBXFileReference; lastKnownFileType = sourcecode.swift; path = "String+Extension.swift"; sourceTree = "<group>"; };
		BA47FCE02BD7842C008CF557 /* Crypto Top Coins.app */ = {isa = PBXFileReference; explicitFileType = wrapper.application; includeInIndex = 0; path = "Crypto Top Coins.app"; sourceTree = BUILT_PRODUCTS_DIR; };
		BA47FCE32BD7842C008CF557 /* Crypto_Top_CoinsApp.swift */ = {isa = PBXFileReference; lastKnownFileType = sourcecode.swift; path = Crypto_Top_CoinsApp.swift; sourceTree = "<group>"; };
		BA47FCE92BD7842D008CF557 /* Assets.xcassets */ = {isa = PBXFileReference; lastKnownFileType = folder.assetcatalog; path = Assets.xcassets; sourceTree = "<group>"; };
		BA47FCEB2BD7842D008CF557 /* Crypto_Top_Coins.entitlements */ = {isa = PBXFileReference; lastKnownFileType = text.plist.entitlements; path = Crypto_Top_Coins.entitlements; sourceTree = "<group>"; };
		BA47FCED2BD7842D008CF557 /* Preview Assets.xcassets */ = {isa = PBXFileReference; lastKnownFileType = folder.assetcatalog; path = "Preview Assets.xcassets"; sourceTree = "<group>"; };
		BA47FCF72BD789B6008CF557 /* CryptoTopCoinsConfiguration.xcconfig */ = {isa = PBXFileReference; lastKnownFileType = text.xcconfig; path = CryptoTopCoinsConfiguration.xcconfig; sourceTree = "<group>"; };
/* End PBXFileReference section */

/* Begin PBXFrameworksBuildPhase section */
		BA47FCDD2BD7842C008CF557 /* Frameworks */ = {
			isa = PBXFrameworksBuildPhase;
			buildActionMask = 2147483647;
			files = (
				BA0A3CDF2BD797CA0077E737 /* Kingfisher in Frameworks */,
				BA0A3CEA2BD95E8E0077E737 /* ActivityIndicatorView in Frameworks */,
				BA47FCF62BD78501008CF557 /* Inject in Frameworks */,
			);
			runOnlyForDeploymentPostprocessing = 0;
		};
/* End PBXFrameworksBuildPhase section */

/* Begin PBXGroup section */
		BA0A3CC92BD78DB70077E737 /* Model */ = {
			isa = PBXGroup;
			children = (
				BA0A3CD52BD790890077E737 /* Coin.swift */,
				BA0A3CEB2BD961770077E737 /* CoinDetail.swift */,
				BA0A3CF12BD984AB0077E737 /* StatModel.swift */,
			);
			path = Model;
			sourceTree = "<group>";
		};
		BA0A3CCA2BD78DC00077E737 /* View */ = {
			isa = PBXGroup;
			children = (
				BA0A3CE02BD797FC0077E737 /* CoinView.swift */,
				BA0A3CE42BD7986E0077E737 /* CoinListView.swift */,
				BA0A3CF32BDA10610077E737 /* CoinDetailView.swift */,
				BA0A3CF52BDA12790077E737 /* StatView.swift */,
			);
			path = View;
			sourceTree = "<group>";
		};
		BA0A3CCB2BD78DC60077E737 /* Networking */ = {
			isa = PBXGroup;
			children = (
				BA0A3CCD2BD78DD40077E737 /* Service */,
				BA0A3CCC2BD78DCD0077E737 /* HTTP */,
			);
			path = Networking;
			sourceTree = "<group>";
		};
		BA0A3CCC2BD78DCD0077E737 /* HTTP */ = {
			isa = PBXGroup;
			children = (
				BA0A3CD32BD7904D0077E737 /* HTTPClient.swift */,
			);
			path = HTTP;
			sourceTree = "<group>";
		};
		BA0A3CCD2BD78DD40077E737 /* Service */ = {
			isa = PBXGroup;
			children = (
				BA0A3CD72BD791150077E737 /* CoinService.swift */,
				BA0A3CED2BD962030077E737 /* CoinDetailService.swift */,
			);
			path = Service;
			sourceTree = "<group>";
		};
		BA0A3CCE2BD78DDA0077E737 /* Data */ = {
			isa = PBXGroup;
			children = (
				BA0A3CE62BD954610077E737 /* CacheManager.swift */,
			);
			path = Data;
			sourceTree = "<group>";
		};
		BA0A3CCF2BD78DE00077E737 /* Extensions */ = {
			isa = PBXGroup;
			children = (
				BA0A3CE22BD798290077E737 /* Double+Extension.swift */,
				BA0A3CF72BDA13070077E737 /* String+Extension.swift */,
			);
			path = Extensions;
			sourceTree = "<group>";
		};
		BA0A3CD02BD78DE90077E737 /* Helpers */ = {
			isa = PBXGroup;
			children = (
				BA0A3CD92BD791B90077E737 /* Constants.swift */,
			);
			path = Helpers;
			sourceTree = "<group>";
		};
		BA0A3CD12BD78DF20077E737 /* Resources */ = {
			isa = PBXGroup;
			children = (
				BA47FCF72BD789B6008CF557 /* CryptoTopCoinsConfiguration.xcconfig */,
			);
			path = Resources;
			sourceTree = "<group>";
		};
		BA0A3CD22BD78E130077E737 /* ViewModel */ = {
			isa = PBXGroup;
			children = (
				BA0A3CDB2BD7948E0077E737 /* CoinViewModel.swift */,
				BA0A3CEF2BD9838A0077E737 /* CoinDetailViewModel.swift */,
			);
			path = ViewModel;
			sourceTree = "<group>";
		};
		BA47FCD72BD7842C008CF557 = {
			isa = PBXGroup;
			children = (
				BA47FCE22BD7842C008CF557 /* Crypto Top Coins */,
				BA47FCE12BD7842C008CF557 /* Products */,
			);
			sourceTree = "<group>";
		};
		BA47FCE12BD7842C008CF557 /* Products */ = {
			isa = PBXGroup;
			children = (
				BA47FCE02BD7842C008CF557 /* Crypto Top Coins.app */,
			);
			name = Products;
			sourceTree = "<group>";
		};
		BA47FCE22BD7842C008CF557 /* Crypto Top Coins */ = {
			isa = PBXGroup;
			children = (
				BA0A3CC92BD78DB70077E737 /* Model */,
				BA0A3CCA2BD78DC00077E737 /* View */,
				BA0A3CD22BD78E130077E737 /* ViewModel */,
				BA0A3CCB2BD78DC60077E737 /* Networking */,
				BA0A3CCE2BD78DDA0077E737 /* Data */,
				BA0A3CCF2BD78DE00077E737 /* Extensions */,
				BA0A3CD02BD78DE90077E737 /* Helpers */,
				BA0A3CD12BD78DF20077E737 /* Resources */,
				BA47FCE32BD7842C008CF557 /* Crypto_Top_CoinsApp.swift */,
				BA47FCE92BD7842D008CF557 /* Assets.xcassets */,
				BA47FCEB2BD7842D008CF557 /* Crypto_Top_Coins.entitlements */,
				BA47FCEC2BD7842D008CF557 /* Preview Content */,
			);
			path = "Crypto Top Coins";
			sourceTree = "<group>";
		};
		BA47FCEC2BD7842D008CF557 /* Preview Content */ = {
			isa = PBXGroup;
			children = (
				BA47FCED2BD7842D008CF557 /* Preview Assets.xcassets */,
			);
			path = "Preview Content";
			sourceTree = "<group>";
		};
/* End PBXGroup section */

/* Begin PBXNativeTarget section */
		BA47FCDF2BD7842C008CF557 /* Crypto Top Coins */ = {
			isa = PBXNativeTarget;
			buildConfigurationList = BA47FCF12BD7842D008CF557 /* Build configuration list for PBXNativeTarget "Crypto Top Coins" */;
			buildPhases = (
				BA47FCDC2BD7842C008CF557 /* Sources */,
				BA47FCDD2BD7842C008CF557 /* Frameworks */,
				BA47FCDE2BD7842C008CF557 /* Resources */,
			);
			buildRules = (
			);
			dependencies = (
			);
			name = "Crypto Top Coins";
			packageProductDependencies = (
				BA47FCF52BD78501008CF557 /* Inject */,
				BA0A3CDE2BD797CA0077E737 /* Kingfisher */,
				BA0A3CE92BD95E8E0077E737 /* ActivityIndicatorView */,
			);
			productName = "Crypto Top Coins";
			productReference = BA47FCE02BD7842C008CF557 /* Crypto Top Coins.app */;
			productType = "com.apple.product-type.application";
		};
/* End PBXNativeTarget section */

/* Begin PBXProject section */
		BA47FCD82BD7842C008CF557 /* Project object */ = {
			isa = PBXProject;
			attributes = {
				BuildIndependentTargetsInParallel = 1;
				LastSwiftUpdateCheck = 1530;
				LastUpgradeCheck = 1530;
				TargetAttributes = {
					BA47FCDF2BD7842C008CF557 = {
						CreatedOnToolsVersion = 15.3;
					};
				};
			};
			buildConfigurationList = BA47FCDB2BD7842C008CF557 /* Build configuration list for PBXProject "Crypto Top Coins" */;
			compatibilityVersion = "Xcode 14.0";
			developmentRegion = en;
			hasScannedForEncodings = 0;
			knownRegions = (
				en,
				Base,
			);
			mainGroup = BA47FCD72BD7842C008CF557;
			packageReferences = (
				BA47FCF42BD78501008CF557 /* XCRemoteSwiftPackageReference "Inject" */,
				BA0A3CDD2BD797CA0077E737 /* XCRemoteSwiftPackageReference "Kingfisher" */,
				BA0A3CE82BD95E8E0077E737 /* XCRemoteSwiftPackageReference "ActivityIndicatorView" */,
			);
			productRefGroup = BA47FCE12BD7842C008CF557 /* Products */;
			projectDirPath = "";
			projectRoot = "";
			targets = (
				BA47FCDF2BD7842C008CF557 /* Crypto Top Coins */,
			);
		};
/* End PBXProject section */

/* Begin PBXResourcesBuildPhase section */
		BA47FCDE2BD7842C008CF557 /* Resources */ = {
			isa = PBXResourcesBuildPhase;
			buildActionMask = 2147483647;
			files = (
				BA47FCEE2BD7842D008CF557 /* Preview Assets.xcassets in Resources */,
				BA47FCEA2BD7842D008CF557 /* Assets.xcassets in Resources */,
			);
			runOnlyForDeploymentPostprocessing = 0;
		};
/* End PBXResourcesBuildPhase section */

/* Begin PBXSourcesBuildPhase section */
		BA47FCDC2BD7842C008CF557 /* Sources */ = {
			isa = PBXSourcesBuildPhase;
			buildActionMask = 2147483647;
			files = (
				BA0A3CF62BDA12790077E737 /* StatView.swift in Sources */,
				BA0A3CD62BD790890077E737 /* Coin.swift in Sources */,
				BA0A3CF22BD984AB0077E737 /* StatModel.swift in Sources */,
				BA0A3CD42BD7904D0077E737 /* HTTPClient.swift in Sources */,
				BA0A3CDC2BD7948E0077E737 /* CoinViewModel.swift in Sources */,
				BA0A3CE52BD7986E0077E737 /* CoinListView.swift in Sources */,
				BA0A3CE32BD798290077E737 /* Double+Extension.swift in Sources */,
				BA0A3CE12BD797FC0077E737 /* CoinView.swift in Sources */,
				BA0A3CF82BDA13070077E737 /* String+Extension.swift in Sources */,
				BA0A3CEC2BD961770077E737 /* CoinDetail.swift in Sources */,
				BA0A3CF42BDA10610077E737 /* CoinDetailView.swift in Sources */,
				BA0A3CF02BD9838A0077E737 /* CoinDetailViewModel.swift in Sources */,
				BA0A3CEE2BD962030077E737 /* CoinDetailService.swift in Sources */,
				BA0A3CE72BD954610077E737 /* CacheManager.swift in Sources */,
				BA47FCE42BD7842C008CF557 /* Crypto_Top_CoinsApp.swift in Sources */,
				BA0A3CD82BD791150077E737 /* CoinService.swift in Sources */,
				BA0A3CDA2BD791B90077E737 /* Constants.swift in Sources */,
			);
			runOnlyForDeploymentPostprocessing = 0;
		};
/* End PBXSourcesBuildPhase section */

/* Begin XCBuildConfiguration section */
		BA47FCEF2BD7842D008CF557 /* Debug */ = {
			isa = XCBuildConfiguration;
			buildSettings = {
				ALWAYS_SEARCH_USER_PATHS = NO;
				ASSETCATALOG_COMPILER_GENERATE_SWIFT_ASSET_SYMBOL_EXTENSIONS = YES;
				CLANG_ANALYZER_NONNULL = YES;
				CLANG_ANALYZER_NUMBER_OBJECT_CONVERSION = YES_AGGRESSIVE;
				CLANG_CXX_LANGUAGE_STANDARD = "gnu++20";
				CLANG_ENABLE_MODULES = YES;
				CLANG_ENABLE_OBJC_ARC = YES;
				CLANG_ENABLE_OBJC_WEAK = YES;
				CLANG_WARN_BLOCK_CAPTURE_AUTORELEASING = YES;
				CLANG_WARN_BOOL_CONVERSION = YES;
				CLANG_WARN_COMMA = YES;
				CLANG_WARN_CONSTANT_CONVERSION = YES;
				CLANG_WARN_DEPRECATED_OBJC_IMPLEMENTATIONS = YES;
				CLANG_WARN_DIRECT_OBJC_ISA_USAGE = YES_ERROR;
				CLANG_WARN_DOCUMENTATION_COMMENTS = YES;
				CLANG_WARN_EMPTY_BODY = YES;
				CLANG_WARN_ENUM_CONVERSION = YES;
				CLANG_WARN_INFINITE_RECURSION = YES;
				CLANG_WARN_INT_CONVERSION = YES;
				CLANG_WARN_NON_LITERAL_NULL_CONVERSION = YES;
				CLANG_WARN_OBJC_IMPLICIT_RETAIN_SELF = YES;
				CLANG_WARN_OBJC_LITERAL_CONVERSION = YES;
				CLANG_WARN_OBJC_ROOT_CLASS = YES_ERROR;
				CLANG_WARN_QUOTED_INCLUDE_IN_FRAMEWORK_HEADER = YES;
				CLANG_WARN_RANGE_LOOP_ANALYSIS = YES;
				CLANG_WARN_STRICT_PROTOTYPES = YES;
				CLANG_WARN_SUSPICIOUS_MOVE = YES;
				CLANG_WARN_UNGUARDED_AVAILABILITY = YES_AGGRESSIVE;
				CLANG_WARN_UNREACHABLE_CODE = YES;
				CLANG_WARN__DUPLICATE_METHOD_MATCH = YES;
				COPY_PHASE_STRIP = NO;
				DEBUG_INFORMATION_FORMAT = dwarf;
				ENABLE_STRICT_OBJC_MSGSEND = YES;
				ENABLE_TESTABILITY = YES;
				ENABLE_USER_SCRIPT_SANDBOXING = YES;
				GCC_C_LANGUAGE_STANDARD = gnu17;
				GCC_DYNAMIC_NO_PIC = NO;
				GCC_NO_COMMON_BLOCKS = YES;
				GCC_OPTIMIZATION_LEVEL = 0;
				GCC_PREPROCESSOR_DEFINITIONS = (
					"DEBUG=1",
					"$(inherited)",
				);
				GCC_WARN_64_TO_32_BIT_CONVERSION = YES;
				GCC_WARN_ABOUT_RETURN_TYPE = YES_ERROR;
				GCC_WARN_UNDECLARED_SELECTOR = YES;
				GCC_WARN_UNINITIALIZED_AUTOS = YES_AGGRESSIVE;
				GCC_WARN_UNUSED_FUNCTION = YES;
				GCC_WARN_UNUSED_VARIABLE = YES;
				LOCALIZATION_PREFERS_STRING_CATALOGS = YES;
				MTL_ENABLE_DEBUG_INFO = INCLUDE_SOURCE;
				MTL_FAST_MATH = YES;
				ONLY_ACTIVE_ARCH = YES;
				SWIFT_ACTIVE_COMPILATION_CONDITIONS = "DEBUG $(inherited)";
				SWIFT_OPTIMIZATION_LEVEL = "-Onone";
			};
			name = Debug;
		};
		BA47FCF02BD7842D008CF557 /* Release */ = {
			isa = XCBuildConfiguration;
			buildSettings = {
				ALWAYS_SEARCH_USER_PATHS = NO;
				ASSETCATALOG_COMPILER_GENERATE_SWIFT_ASSET_SYMBOL_EXTENSIONS = YES;
				CLANG_ANALYZER_NONNULL = YES;
				CLANG_ANALYZER_NUMBER_OBJECT_CONVERSION = YES_AGGRESSIVE;
				CLANG_CXX_LANGUAGE_STANDARD = "gnu++20";
				CLANG_ENABLE_MODULES = YES;
				CLANG_ENABLE_OBJC_ARC = YES;
				CLANG_ENABLE_OBJC_WEAK = YES;
				CLANG_WARN_BLOCK_CAPTURE_AUTORELEASING = YES;
				CLANG_WARN_BOOL_CONVERSION = YES;
				CLANG_WARN_COMMA = YES;
				CLANG_WARN_CONSTANT_CONVERSION = YES;
				CLANG_WARN_DEPRECATED_OBJC_IMPLEMENTATIONS = YES;
				CLANG_WARN_DIRECT_OBJC_ISA_USAGE = YES_ERROR;
				CLANG_WARN_DOCUMENTATION_COMMENTS = YES;
				CLANG_WARN_EMPTY_BODY = YES;
				CLANG_WARN_ENUM_CONVERSION = YES;
				CLANG_WARN_INFINITE_RECURSION = YES;
				CLANG_WARN_INT_CONVERSION = YES;
				CLANG_WARN_NON_LITERAL_NULL_CONVERSION = YES;
				CLANG_WARN_OBJC_IMPLICIT_RETAIN_SELF = YES;
				CLANG_WARN_OBJC_LITERAL_CONVERSION = YES;
				CLANG_WARN_OBJC_ROOT_CLASS = YES_ERROR;
				CLANG_WARN_QUOTED_INCLUDE_IN_FRAMEWORK_HEADER = YES;
				CLANG_WARN_RANGE_LOOP_ANALYSIS = YES;
				CLANG_WARN_STRICT_PROTOTYPES = YES;
				CLANG_WARN_SUSPICIOUS_MOVE = YES;
				CLANG_WARN_UNGUARDED_AVAILABILITY = YES_AGGRESSIVE;
				CLANG_WARN_UNREACHABLE_CODE = YES;
				CLANG_WARN__DUPLICATE_METHOD_MATCH = YES;
				COPY_PHASE_STRIP = NO;
				DEBUG_INFORMATION_FORMAT = "dwarf-with-dsym";
				ENABLE_NS_ASSERTIONS = NO;
				ENABLE_STRICT_OBJC_MSGSEND = YES;
				ENABLE_USER_SCRIPT_SANDBOXING = YES;
				GCC_C_LANGUAGE_STANDARD = gnu17;
				GCC_NO_COMMON_BLOCKS = YES;
				GCC_WARN_64_TO_32_BIT_CONVERSION = YES;
				GCC_WARN_ABOUT_RETURN_TYPE = YES_ERROR;
				GCC_WARN_UNDECLARED_SELECTOR = YES;
				GCC_WARN_UNINITIALIZED_AUTOS = YES_AGGRESSIVE;
				GCC_WARN_UNUSED_FUNCTION = YES;
				GCC_WARN_UNUSED_VARIABLE = YES;
				LOCALIZATION_PREFERS_STRING_CATALOGS = YES;
				MTL_ENABLE_DEBUG_INFO = NO;
				MTL_FAST_MATH = YES;
				SWIFT_COMPILATION_MODE = wholemodule;
			};
			name = Release;
		};
		BA47FCF22BD7842D008CF557 /* Debug */ = {
			isa = XCBuildConfiguration;
			buildSettings = {
				ASSETCATALOG_COMPILER_APPICON_NAME = AppIcon;
				ASSETCATALOG_COMPILER_GLOBAL_ACCENT_COLOR_NAME = AccentColor;
				CODE_SIGN_ENTITLEMENTS = "Crypto Top Coins/Crypto_Top_Coins.entitlements";
				CODE_SIGN_STYLE = Automatic;
				CURRENT_PROJECT_VERSION = 1;
				DEVELOPMENT_ASSET_PATHS = "\"Crypto Top Coins/Preview Content\"";
				DEVELOPMENT_TEAM = NELGRQX33K;
				ENABLE_HARDENED_RUNTIME = YES;
				ENABLE_PREVIEWS = YES;
				GENERATE_INFOPLIST_FILE = YES;
				"INFOPLIST_KEY_UIApplicationSceneManifest_Generation[sdk=iphoneos*]" = YES;
				"INFOPLIST_KEY_UIApplicationSceneManifest_Generation[sdk=iphonesimulator*]" = YES;
				"INFOPLIST_KEY_UIApplicationSupportsIndirectInputEvents[sdk=iphoneos*]" = YES;
				"INFOPLIST_KEY_UIApplicationSupportsIndirectInputEvents[sdk=iphonesimulator*]" = YES;
				"INFOPLIST_KEY_UILaunchScreen_Generation[sdk=iphoneos*]" = YES;
				"INFOPLIST_KEY_UILaunchScreen_Generation[sdk=iphonesimulator*]" = YES;
				"INFOPLIST_KEY_UIStatusBarStyle[sdk=iphoneos*]" = UIStatusBarStyleDefault;
				"INFOPLIST_KEY_UIStatusBarStyle[sdk=iphonesimulator*]" = UIStatusBarStyleDefault;
				INFOPLIST_KEY_UISupportedInterfaceOrientations_iPad = "UIInterfaceOrientationPortrait UIInterfaceOrientationPortraitUpsideDown UIInterfaceOrientationLandscapeLeft UIInterfaceOrientationLandscapeRight";
				INFOPLIST_KEY_UISupportedInterfaceOrientations_iPhone = "UIInterfaceOrientationPortrait UIInterfaceOrientationLandscapeLeft UIInterfaceOrientationLandscapeRight";
				IPHONEOS_DEPLOYMENT_TARGET = 17.4;
				LD_RUNPATH_SEARCH_PATHS = "@executable_path/Frameworks";
				"LD_RUNPATH_SEARCH_PATHS[sdk=macosx*]" = "@executable_path/../Frameworks";
				MACOSX_DEPLOYMENT_TARGET = 14.0;
				MARKETING_VERSION = 1.0;
				OTHER_LDFLAGS = (
					"-Xlinker",
					"-interposable",
				);
				PRODUCT_BUNDLE_IDENTIFIER = "com.turntlabs.Crypto-Top-Coins";
				PRODUCT_NAME = "$(TARGET_NAME)";
				SDKROOT = auto;
				SUPPORTED_PLATFORMS = "iphoneos iphonesimulator macosx";
				SWIFT_EMIT_LOC_STRINGS = YES;
				SWIFT_VERSION = 5.0;
				TARGETED_DEVICE_FAMILY = "1,2";
			};
			name = Debug;
		};
		BA47FCF32BD7842D008CF557 /* Release */ = {
			isa = XCBuildConfiguration;
			buildSettings = {
				ASSETCATALOG_COMPILER_APPICON_NAME = AppIcon;
				ASSETCATALOG_COMPILER_GLOBAL_ACCENT_COLOR_NAME = AccentColor;
				CODE_SIGN_ENTITLEMENTS = "Crypto Top Coins/Crypto_Top_Coins.entitlements";
				CODE_SIGN_STYLE = Automatic;
				CURRENT_PROJECT_VERSION = 1;
				DEVELOPMENT_ASSET_PATHS = "\"Crypto Top Coins/Preview Content\"";
				DEVELOPMENT_TEAM = NELGRQX33K;
				ENABLE_HARDENED_RUNTIME = YES;
				ENABLE_PREVIEWS = YES;
				GENERATE_INFOPLIST_FILE = YES;
				"INFOPLIST_KEY_UIApplicationSceneManifest_Generation[sdk=iphoneos*]" = YES;
				"INFOPLIST_KEY_UIApplicationSceneManifest_Generation[sdk=iphonesimulator*]" = YES;
				"INFOPLIST_KEY_UIApplicationSupportsIndirectInputEvents[sdk=iphoneos*]" = YES;
				"INFOPLIST_KEY_UIApplicationSupportsIndirectInputEvents[sdk=iphonesimulator*]" = YES;
				"INFOPLIST_KEY_UILaunchScreen_Generation[sdk=iphoneos*]" = YES;
				"INFOPLIST_KEY_UILaunchScreen_Generation[sdk=iphonesimulator*]" = YES;
				"INFOPLIST_KEY_UIStatusBarStyle[sdk=iphoneos*]" = UIStatusBarStyleDefault;
				"INFOPLIST_KEY_UIStatusBarStyle[sdk=iphonesimulator*]" = UIStatusBarStyleDefault;
				INFOPLIST_KEY_UISupportedInterfaceOrientations_iPad = "UIInterfaceOrientationPortrait UIInterfaceOrientationPortraitUpsideDown UIInterfaceOrientationLandscapeLeft UIInterfaceOrientationLandscapeRight";
				INFOPLIST_KEY_UISupportedInterfaceOrientations_iPhone = "UIInterfaceOrientationPortrait UIInterfaceOrientationLandscapeLeft UIInterfaceOrientationLandscapeRight";
				IPHONEOS_DEPLOYMENT_TARGET = 17.4;
				LD_RUNPATH_SEARCH_PATHS = "@executable_path/Frameworks";
				"LD_RUNPATH_SEARCH_PATHS[sdk=macosx*]" = "@executable_path/../Frameworks";
				MACOSX_DEPLOYMENT_TARGET = 14.0;
				MARKETING_VERSION = 1.0;
				OTHER_LDFLAGS = (
					"-Xlinker",
					"-interposable",
				);
				PRODUCT_BUNDLE_IDENTIFIER = "com.turntlabs.Crypto-Top-Coins";
				PRODUCT_NAME = "$(TARGET_NAME)";
				SDKROOT = auto;
				SUPPORTED_PLATFORMS = "iphoneos iphonesimulator macosx";
				SWIFT_EMIT_LOC_STRINGS = YES;
				SWIFT_VERSION = 5.0;
				TARGETED_DEVICE_FAMILY = "1,2";
			};
			name = Release;
		};
/* End XCBuildConfiguration section */

/* Begin XCConfigurationList section */
		BA47FCDB2BD7842C008CF557 /* Build configuration list for PBXProject "Crypto Top Coins" */ = {
			isa = XCConfigurationList;
			buildConfigurations = (
				BA47FCEF2BD7842D008CF557 /* Debug */,
				BA47FCF02BD7842D008CF557 /* Release */,
			);
			defaultConfigurationIsVisible = 0;
			defaultConfigurationName = Release;
		};
		BA47FCF12BD7842D008CF557 /* Build configuration list for PBXNativeTarget "Crypto Top Coins" */ = {
			isa = XCConfigurationList;
			buildConfigurations = (
				BA47FCF22BD7842D008CF557 /* Debug */,
				BA47FCF32BD7842D008CF557 /* Release */,
			);
			defaultConfigurationIsVisible = 0;
			defaultConfigurationName = Release;
		};
/* End XCConfigurationList section */

/* Begin XCRemoteSwiftPackageReference section */
		BA0A3CDD2BD797CA0077E737 /* XCRemoteSwiftPackageReference "Kingfisher" */ = {
			isa = XCRemoteSwiftPackageReference;
			repositoryURL = "https://github.com/onevcat/Kingfisher.git";
			requirement = {
				kind = upToNextMajorVersion;
				minimumVersion = 7.11.0;
			};
		};
		BA0A3CE82BD95E8E0077E737 /* XCRemoteSwiftPackageReference "ActivityIndicatorView" */ = {
			isa = XCRemoteSwiftPackageReference;
			repositoryURL = "https://github.com/exyte/ActivityIndicatorView.git";
			requirement = {
				kind = upToNextMajorVersion;
				minimumVersion = 1.1.1;
			};
		};
		BA47FCF42BD78501008CF557 /* XCRemoteSwiftPackageReference "Inject" */ = {
			isa = XCRemoteSwiftPackageReference;
			repositoryURL = "https://github.com/krzysztofzablocki/Inject.git";
			requirement = {
				kind = upToNextMajorVersion;
				minimumVersion = 1.4.0;
			};
		};
/* End XCRemoteSwiftPackageReference section */

/* Begin XCSwiftPackageProductDependency section */
		BA0A3CDE2BD797CA0077E737 /* Kingfisher */ = {
			isa = XCSwiftPackageProductDependency;
			package = BA0A3CDD2BD797CA0077E737 /* XCRemoteSwiftPackageReference "Kingfisher" */;
			productName = Kingfisher;
		};
		BA0A3CE92BD95E8E0077E737 /* ActivityIndicatorView */ = {
			isa = XCSwiftPackageProductDependency;
			package = BA0A3CE82BD95E8E0077E737 /* XCRemoteSwiftPackageReference "ActivityIndicatorView" */;
			productName = ActivityIndicatorView;
		};
		BA47FCF52BD78501008CF557 /* Inject */ = {
			isa = XCSwiftPackageProductDependency;
			package = BA47FCF42BD78501008CF557 /* XCRemoteSwiftPackageReference "Inject" */;
			productName = Inject;
		};
/* End XCSwiftPackageProductDependency section */
	};
	rootObject = BA47FCD82BD7842C008CF557 /* Project object */;
}
